Microsoft Visual Studio Solution File, Format Version 12.00
# Visual Studio Version 17
VisualStudioVersion = 17.5.2.0
MinimumVisualStudioVersion = 10.0.40219.1
Project("{FAE04EC0-301F-11D3-BF4B-00C04F79EFBC}") = "EmployeeApplication", "EmployeeApplication\EmployeeApplication.csproj", "{2C75542D-8502-20DA-C444-A6245F23BA97}"
EndProject
Project("{FAE04EC0-301F-11D3-BF4B-00C04F79EFBC}") = "EmpTravelMVC", "EmpTravelMVC\EmpTravelMVC.csproj", "{5EFEC4D2-8433-2F5F-8103-95EA377CDF5B}"
EndProject
Project("{FAE04EC0-301F-11D3-BF4B-00C04F79EFBC}") = "CompanyApp", "CompanyApp\CompanyApp.csproj", "{313A9E60-D3C2-D657-E8BA-121B6FB181CD}"
EndProject
Global
	GlobalSection(SolutionConfigurationPlatforms) = preSolution
		Debug|Any CPU = Debug|Any CPU
		Release|Any CPU = Release|Any CPU
	EndGlobalSection
	GlobalSection(ProjectConfigurationPlatforms) = postSolution
		{2C75542D-8502-20DA-C444-A6245F23BA97}.Debug|Any CPU.ActiveCfg = Debug|Any CPU
		{2C75542D-8502-20DA-C444-A6245F23BA97}.Debug|Any CPU.Build.0 = Debug|Any CPU
		{2C75542D-8502-20DA-C444-A6245F23BA97}.Release|Any CPU.ActiveCfg = Release|Any CPU
		{2C75542D-8502-20DA-C444-A6245F23BA97}.Release|Any CPU.Build.0 = Release|Any CPU
		{5EFEC4D2-8433-2F5F-8103-95EA377CDF5B}.Debug|Any CPU.ActiveCfg = Debug|Any CPU
		{5EFEC4D2-8433-2F5F-8103-95EA377CDF5B}.Debug|Any CPU.Build.0 = Debug|Any CPU
		{5EFEC4D2-8433-2F5F-8103-95EA377CDF5B}.Release|Any CPU.ActiveCfg = Release|Any CPU
		{5EFEC4D2-8433-2F5F-8103-95EA377CDF5B}.Release|Any CPU.Build.0 = Release|Any CPU
		{313A9E60-D3C2-D657-E8BA-121B6FB181CD}.Debug|Any CPU.ActiveCfg = Debug|Any CPU
		{313A9E60-D3C2-D657-E8BA-121B6FB181CD}.Debug|Any CPU.Build.0 = Debug|Any CPU
		{313A9E60-D3C2-D657-E8BA-121B6FB181CD}.Release|Any CPU.ActiveCfg = Release|Any CPU
		{313A9E60-D3C2-D657-E8BA-121B6FB181CD}.Release|Any CPU.Build.0 = Release|Any CPU
	EndGlobalSection
	GlobalSection(SolutionProperties) = preSolution
		HideSolutionNode = FALSE
	EndGlobalSection
	GlobalSection(ExtensibilityGlobals) = postSolution
		SolutionGuid = {8AFEC507-D058-4878-BA1F-8475ABA08C52}
	EndGlobalSection
EndGlobal
